
Microsoft Visual Studio Solution File, Format Version 12.00
# Visual Studio 2012
Project("{FAE04EC0-301F-11D3-BF4B-00C04F79EFBC}") = "NotesManager", "NotesManager\NotesManager.csproj", "{5B267313-2208-443B-95A5-67B518D1A4A0}"
EndProject
Project("{FAE04EC0-301F-11D3-BF4B-00C04F79EFBC}") = "NotesDomain", "NotesDomain\NotesDomain.csproj", "{8C6802AC-D4B4-467C-98E1-D9E4D0FD930D}"
EndProject
Project("{FAE04EC0-301F-11D3-BF4B-00C04F79EFBC}") = "NotesServiceLayer", "NotesServiceLayer\NotesServiceLayer.csproj", "{8901AE49-B0E0-471D-A1F1-7E15C32E417F}"
EndProject
Project("{FAE04EC0-301F-11D3-BF4B-00C04F79EFBC}") = "NotesDomainInterfaces", "NotesDomainInterfaces\NotesDomainInterfaces.csproj", "{BE9B947B-C96E-4E7D-A219-28785548B5FB}"
EndProject
Project("{FAE04EC0-301F-11D3-BF4B-00C04F79EFBC}") = "NotesDataAccesLayer", "NotesDataAccesLayer\NotesDataAccesLayer.csproj", "{C9FFBC3A-B476-48AA-98FA-F19BACBB93A8}"
EndProject
Project("{FAE04EC0-301F-11D3-BF4B-00C04F79EFBC}") = "NotesManagerTransferEntities", "NotesManagerTransferEntities\NotesManagerTransferEntities.csproj", "{F302B9AC-83A6-4F5B-A241-2D8466726F28}"
EndProject
Project("{FAE04EC0-301F-11D3-BF4B-00C04F79EFBC}") = "ValueInjectorTests", "ValueInjectorTests\ValueInjectorTests.csproj", "{A475CC98-0228-4493-93B4-1B8385B36FDC}"
EndProject
Project("{FAE04EC0-301F-11D3-BF4B-00C04F79EFBC}") = "EntityFramework", "..\..\EF\src\EntityFramework\EntityFramework.csproj", "{E06D1C12-EFE8-4413-A15C-AE01FC158F2F}"
EndProject
Global
	GlobalSection(SolutionConfigurationPlatforms) = preSolution
		Debug|Any CPU = Debug|Any CPU
		DebugNet40|Any CPU = DebugNet40|Any CPU
		Release|Any CPU = Release|Any CPU
		ReleaseNet40|Any CPU = ReleaseNet40|Any CPU
	EndGlobalSection
	GlobalSection(ProjectConfigurationPlatforms) = postSolution
		{5B267313-2208-443B-95A5-67B518D1A4A0}.Debug|Any CPU.ActiveCfg = Debug|Any CPU
		{5B267313-2208-443B-95A5-67B518D1A4A0}.Debug|Any CPU.Build.0 = Debug|Any CPU
		{5B267313-2208-443B-95A5-67B518D1A4A0}.DebugNet40|Any CPU.ActiveCfg = Debug|Any CPU
		{5B267313-2208-443B-95A5-67B518D1A4A0}.DebugNet40|Any CPU.Build.0 = Debug|Any CPU
		{5B267313-2208-443B-95A5-67B518D1A4A0}.Release|Any CPU.ActiveCfg = Release|Any CPU
		{5B267313-2208-443B-95A5-67B518D1A4A0}.Release|Any CPU.Build.0 = Release|Any CPU
		{5B267313-2208-443B-95A5-67B518D1A4A0}.ReleaseNet40|Any CPU.ActiveCfg = Release|Any CPU
		{5B267313-2208-443B-95A5-67B518D1A4A0}.ReleaseNet40|Any CPU.Build.0 = Release|Any CPU
		{8C6802AC-D4B4-467C-98E1-D9E4D0FD930D}.Debug|Any CPU.ActiveCfg = Debug|Any CPU
		{8C6802AC-D4B4-467C-98E1-D9E4D0FD930D}.Debug|Any CPU.Build.0 = Debug|Any CPU
		{8C6802AC-D4B4-467C-98E1-D9E4D0FD930D}.DebugNet40|Any CPU.ActiveCfg = Debug|Any CPU
		{8C6802AC-D4B4-467C-98E1-D9E4D0FD930D}.DebugNet40|Any CPU.Build.0 = Debug|Any CPU
		{8C6802AC-D4B4-467C-98E1-D9E4D0FD930D}.Release|Any CPU.ActiveCfg = Release|Any CPU
		{8C6802AC-D4B4-467C-98E1-D9E4D0FD930D}.Release|Any CPU.Build.0 = Release|Any CPU
		{8C6802AC-D4B4-467C-98E1-D9E4D0FD930D}.ReleaseNet40|Any CPU.ActiveCfg = Release|Any CPU
		{8C6802AC-D4B4-467C-98E1-D9E4D0FD930D}.ReleaseNet40|Any CPU.Build.0 = Release|Any CPU
		{8901AE49-B0E0-471D-A1F1-7E15C32E417F}.Debug|Any CPU.ActiveCfg = Debug|Any CPU
		{8901AE49-B0E0-471D-A1F1-7E15C32E417F}.Debug|Any CPU.Build.0 = Debug|Any CPU
		{8901AE49-B0E0-471D-A1F1-7E15C32E417F}.DebugNet40|Any CPU.ActiveCfg = Debug|Any CPU
		{8901AE49-B0E0-471D-A1F1-7E15C32E417F}.DebugNet40|Any CPU.Build.0 = Debug|Any CPU
		{8901AE49-B0E0-471D-A1F1-7E15C32E417F}.Release|Any CPU.ActiveCfg = Release|Any CPU
		{8901AE49-B0E0-471D-A1F1-7E15C32E417F}.Release|Any CPU.Build.0 = Release|Any CPU
		{8901AE49-B0E0-471D-A1F1-7E15C32E417F}.ReleaseNet40|Any CPU.ActiveCfg = Release|Any CPU
		{8901AE49-B0E0-471D-A1F1-7E15C32E417F}.ReleaseNet40|Any CPU.Build.0 = Release|Any CPU
		{BE9B947B-C96E-4E7D-A219-28785548B5FB}.Debug|Any CPU.ActiveCfg = Debug|Any CPU
		{BE9B947B-C96E-4E7D-A219-28785548B5FB}.Debug|Any CPU.Build.0 = Debug|Any CPU
		{BE9B947B-C96E-4E7D-A219-28785548B5FB}.DebugNet40|Any CPU.ActiveCfg = Debug|Any CPU
		{BE9B947B-C96E-4E7D-A219-28785548B5FB}.DebugNet40|Any CPU.Build.0 = Debug|Any CPU
		{BE9B947B-C96E-4E7D-A219-28785548B5FB}.Release|Any CPU.ActiveCfg = Release|Any CPU
		{BE9B947B-C96E-4E7D-A219-28785548B5FB}.Release|Any CPU.Build.0 = Release|Any CPU
		{BE9B947B-C96E-4E7D-A219-28785548B5FB}.ReleaseNet40|Any CPU.ActiveCfg = Release|Any CPU
		{BE9B947B-C96E-4E7D-A219-28785548B5FB}.ReleaseNet40|Any CPU.Build.0 = Release|Any CPU
		{C9FFBC3A-B476-48AA-98FA-F19BACBB93A8}.Debug|Any CPU.ActiveCfg = Debug|Any CPU
		{C9FFBC3A-B476-48AA-98FA-F19BACBB93A8}.Debug|Any CPU.Build.0 = Debug|Any CPU
		{C9FFBC3A-B476-48AA-98FA-F19BACBB93A8}.DebugNet40|Any CPU.ActiveCfg = Debug|Any CPU
		{C9FFBC3A-B476-48AA-98FA-F19BACBB93A8}.DebugNet40|Any CPU.Build.0 = Debug|Any CPU
		{C9FFBC3A-B476-48AA-98FA-F19BACBB93A8}.Release|Any CPU.ActiveCfg = Release|Any CPU
		{C9FFBC3A-B476-48AA-98FA-F19BACBB93A8}.Release|Any CPU.Build.0 = Release|Any CPU
		{C9FFBC3A-B476-48AA-98FA-F19BACBB93A8}.ReleaseNet40|Any CPU.ActiveCfg = Release|Any CPU
		{C9FFBC3A-B476-48AA-98FA-F19BACBB93A8}.ReleaseNet40|Any CPU.Build.0 = Release|Any CPU
		{F302B9AC-83A6-4F5B-A241-2D8466726F28}.Debug|Any CPU.ActiveCfg = Debug|Any CPU
		{F302B9AC-83A6-4F5B-A241-2D8466726F28}.Debug|Any CPU.Build.0 = Debug|Any CPU
		{F302B9AC-83A6-4F5B-A241-2D8466726F28}.DebugNet40|Any CPU.ActiveCfg = Debug|Any CPU
		{F302B9AC-83A6-4F5B-A241-2D8466726F28}.DebugNet40|Any CPU.Build.0 = Debug|Any CPU
		{F302B9AC-83A6-4F5B-A241-2D8466726F28}.Release|Any CPU.ActiveCfg = Release|Any CPU
		{F302B9AC-83A6-4F5B-A241-2D8466726F28}.Release|Any CPU.Build.0 = Release|Any CPU
		{F302B9AC-83A6-4F5B-A241-2D8466726F28}.ReleaseNet40|Any CPU.ActiveCfg = Release|Any CPU
		{F302B9AC-83A6-4F5B-A241-2D8466726F28}.ReleaseNet40|Any CPU.Build.0 = Release|Any CPU
		{A475CC98-0228-4493-93B4-1B8385B36FDC}.Debug|Any CPU.ActiveCfg = Debug|Any CPU
		{A475CC98-0228-4493-93B4-1B8385B36FDC}.Debug|Any CPU.Build.0 = Debug|Any CPU
		{A475CC98-0228-4493-93B4-1B8385B36FDC}.DebugNet40|Any CPU.ActiveCfg = Debug|Any CPU
		{A475CC98-0228-4493-93B4-1B8385B36FDC}.DebugNet40|Any CPU.Build.0 = Debug|Any CPU
		{A475CC98-0228-4493-93B4-1B8385B36FDC}.Release|Any CPU.ActiveCfg = Release|Any CPU
		{A475CC98-0228-4493-93B4-1B8385B36FDC}.Release|Any CPU.Build.0 = Release|Any CPU
		{A475CC98-0228-4493-93B4-1B8385B36FDC}.ReleaseNet40|Any CPU.ActiveCfg = Release|Any CPU
		{A475CC98-0228-4493-93B4-1B8385B36FDC}.ReleaseNet40|Any CPU.Build.0 = Release|Any CPU
		{E06D1C12-EFE8-4413-A15C-AE01FC158F2F}.Debug|Any CPU.ActiveCfg = Debug|Any CPU
		{E06D1C12-EFE8-4413-A15C-AE01FC158F2F}.Debug|Any CPU.Build.0 = Debug|Any CPU
		{E06D1C12-EFE8-4413-A15C-AE01FC158F2F}.DebugNet40|Any CPU.ActiveCfg = DebugNet40|Any CPU
		{E06D1C12-EFE8-4413-A15C-AE01FC158F2F}.DebugNet40|Any CPU.Build.0 = DebugNet40|Any CPU
		{E06D1C12-EFE8-4413-A15C-AE01FC158F2F}.Release|Any CPU.ActiveCfg = Release|Any CPU
		{E06D1C12-EFE8-4413-A15C-AE01FC158F2F}.Release|Any CPU.Build.0 = Release|Any CPU
		{E06D1C12-EFE8-4413-A15C-AE01FC158F2F}.ReleaseNet40|Any CPU.ActiveCfg = ReleaseNet40|Any CPU
		{E06D1C12-EFE8-4413-A15C-AE01FC158F2F}.ReleaseNet40|Any CPU.Build.0 = ReleaseNet40|Any CPU
	EndGlobalSection
	GlobalSection(SolutionProperties) = preSolution
		HideSolutionNode = FALSE
	EndGlobalSection
EndGlobal
